<?xml version="1.0" encoding="utf-8"?>
<Project ToolsVersion="4.0" xmlns="http://schemas.microsoft.com/developer/msbuild/2003">
  <ItemGroup>
    <Filter Include="ソース ファイル">
      <UniqueIdentifier>{4FC737F1-C7A5-4376-A066-2A32D752A2FF}</UniqueIdentifier>
      <Extensions>cpp;c;cc;cxx;def;odl;idl;hpj;bat;asm;asmx</Extensions>
    </Filter>
    <Filter Include="ヘッダー ファイル">
      <UniqueIdentifier>{93995380-89BD-4b04-88EB-625FBE52EBFB}</UniqueIdentifier>
      <Extensions>h;hh;hpp;hxx;hm;inl;inc;ipp;xsd</Extensions>
    </Filter>
    <Filter Include="リソース ファイル">
      <UniqueIdentifier>{67DA6AB6-F800-4c08-8B7A-83BB121AAD01}</UniqueIdentifier>
      <Extensions>rc;ico;cur;bmp;dlg;rc2;rct;bin;rgs;gif;jpg;jpeg;jpe;resx;tiff;tif;png;wav;mfcribbon-ms</Extensions>
    </Filter>
    <Filter Include="ソース ファイル\Easy">
      <UniqueIdentifier>{c386c80a-8c58-4b3a-b5e5-4be58f02791a}</UniqueIdentifier>
    </Filter>
  </ItemGroup>
  <ItemGroup>
    <ClCompile Include="Src\Main.cpp">
      <Filter>ソース ファイル</Filter>
    </ClCompile>
    <ClCompile Include="Lib\Easy\Audio.cpp">
      <Filter>ソース ファイル\Easy</Filter>
    </ClCompile>
    <ClCompile Include="Lib\Easy\Font.cpp">
      <Filter>ソース ファイル\Easy</Filter>
    </ClCompile>
    <ClCompile Include="Lib\Easy\FrameAnimation.cpp">
      <Filter>ソース ファイル\Easy</Filter>
    </ClCompile>
    <ClCompile Include="Lib\Easy\GLFWEW.cpp">
      <Filter>ソース ファイル\Easy</Filter>
    </ClCompile>
    <ClCompile Include="Lib\Easy\Node.cpp">
      <Filter>ソース ファイル\Easy</Filter>
    </ClCompile>
    <ClCompile Include="Lib\Easy\Shader.cpp">
      <Filter>ソース ファイル\Easy</Filter>
    </ClCompile>
    <ClCompile Include="Lib\Easy\Sprite.cpp">
      <Filter>ソース ファイル\Easy</Filter>
    </ClCompile>
    <ClCompile Include="Lib\Easy\Texture.cpp">
      <Filter>ソース ファイル\Easy</Filter>
    </ClCompile>
    <ClCompile Include="Lib\Easy\TweenAnimation.cpp">
      <Filter>ソース ファイル\Easy</Filter>
    </ClCompile>
    <ClCompile Include="Lib\Easy\BufferObject.cpp">
      <Filter>ソース ファイル\Easy</Filter>
    </ClCompile>
    <ClCompile Include="Src\Command.cpp">
      <Filter>ソース ファイル</Filter>
    </ClCompile>
  </ItemGroup>
  <ItemGroup>
    <ClInclude Include="Lib\Easy\Audio.h">
      <Filter>ソース ファイル\Easy</Filter>
    </ClInclude>
    <ClInclude Include="Lib\Easy\DXGIFormat.h">
      <Filter>ソース ファイル\Easy</Filter>
    </ClInclude>
    <ClInclude Include="Lib\Easy\Font.h">
      <Filter>ソース ファイル\Easy</Filter>
    </ClInclude>
    <ClInclude Include="Lib\Easy\FrameAnimation.h">
      <Filter>ソース ファイル\Easy</Filter>
    </ClInclude>
    <ClInclude Include="Lib\Easy\GamePad.h">
      <Filter>ソース ファイル\Easy</Filter>
    </ClInclude>
    <ClInclude Include="Lib\Easy\GLFWEW.h">
      <Filter>ソース ファイル\Easy</Filter>
    </ClInclude>
    <ClInclude Include="Lib\Easy\Node.h">
      <Filter>ソース ファイル\Easy</Filter>
    </ClInclude>
    <ClInclude Include="Lib\Easy\Shader.h">
      <Filter>ソース ファイル\Easy</Filter>
    </ClInclude>
    <ClInclude Include="Lib\Easy\Sprite.h">
      <Filter>ソース ファイル\Easy</Filter>
    </ClInclude>
    <ClInclude Include="Lib\Easy\Texture.h">
      <Filter>ソース ファイル\Easy</Filter>
    </ClInclude>
    <ClInclude Include="Lib\Easy\TweenAnimation.h">
      <Filter>ソース ファイル\Easy</Filter>
    </ClInclude>
    <ClInclude Include="Lib\Easy\BufferObject.h">
      <Filter>ソース ファイル\Easy</Filter>
    </ClInclude>
    <ClInclude Include="Src\Command.h">
      <Filter>ソース ファイル</Filter>
    </ClInclude>
  </ItemGroup>
</Project>